
Microsoft Visual Studio Solution File, Format Version 12.00
# Visual Studio 15
VisualStudioVersion = 15.0.27004.2009
MinimumVisualStudioVersion = 10.0.40219.1
Project("{8BC9CEB8-8B4A-11D0-8D11-00A0C91BC942}") = "dada_lib", "vs_projects\dada_lib.vcxproj", "{DF55A42A-CBF8-4F3D-9BF4-E99E6219CD31}"
EndProject
Project("{8BC9CEB8-8B4A-11D0-8D11-00A0C91BC942}") = "dada.bodies", "vs_projects\dada.bodies.vcxproj", "{D1270CA3-6EA6-4A77-BD6E-6C3320576098}"
EndProject
Global
	GlobalSection(SolutionConfigurationPlatforms) = preSolution
		Debug|x64 = Debug|x64
		Debug|x86 = Debug|x86
		Release|x64 = Release|x64
		Release|x86 = Release|x86
	EndGlobalSection
	GlobalSection(ProjectConfigurationPlatforms) = postSolution
		{DF55A42A-CBF8-4F3D-9BF4-E99E6219CD31}.Debug|x64.ActiveCfg = Debug|x64
		{DF55A42A-CBF8-4F3D-9BF4-E99E6219CD31}.Debug|x64.Build.0 = Debug|x64
		{DF55A42A-CBF8-4F3D-9BF4-E99E6219CD31}.Debug|x64.Deploy.0 = Debug|x64
		{DF55A42A-CBF8-4F3D-9BF4-E99E6219CD31}.Debug|x86.ActiveCfg = Debug|Win32
		{DF55A42A-CBF8-4F3D-9BF4-E99E6219CD31}.Debug|x86.Build.0 = Debug|Win32
		{DF55A42A-CBF8-4F3D-9BF4-E99E6219CD31}.Debug|x86.Deploy.0 = Debug|Win32
		{DF55A42A-CBF8-4F3D-9BF4-E99E6219CD31}.Release|x64.ActiveCfg = Release|x64
		{DF55A42A-CBF8-4F3D-9BF4-E99E6219CD31}.Release|x64.Build.0 = Release|x64
		{DF55A42A-CBF8-4F3D-9BF4-E99E6219CD31}.Release|x64.Deploy.0 = Release|x64
		{DF55A42A-CBF8-4F3D-9BF4-E99E6219CD31}.Release|x86.ActiveCfg = Release|Win32
		{DF55A42A-CBF8-4F3D-9BF4-E99E6219CD31}.Release|x86.Build.0 = Release|Win32
		{DF55A42A-CBF8-4F3D-9BF4-E99E6219CD31}.Release|x86.Deploy.0 = Release|Win32
		{D1270CA3-6EA6-4A77-BD6E-6C3320576098}.Debug|x64.ActiveCfg = Debug|x64
		{D1270CA3-6EA6-4A77-BD6E-6C3320576098}.Debug|x64.Build.0 = Debug|x64
		{D1270CA3-6EA6-4A77-BD6E-6C3320576098}.Debug|x64.Deploy.0 = Debug|x64
		{D1270CA3-6EA6-4A77-BD6E-6C3320576098}.Debug|x86.ActiveCfg = Debug|Win32
		{D1270CA3-6EA6-4A77-BD6E-6C3320576098}.Debug|x86.Build.0 = Debug|Win32
		{D1270CA3-6EA6-4A77-BD6E-6C3320576098}.Debug|x86.Deploy.0 = Debug|Win32
		{D1270CA3-6EA6-4A77-BD6E-6C3320576098}.Release|x64.ActiveCfg = Release|x64
		{D1270CA3-6EA6-4A77-BD6E-6C3320576098}.Release|x64.Build.0 = Release|x64
		{D1270CA3-6EA6-4A77-BD6E-6C3320576098}.Release|x64.Deploy.0 = Release|x64
		{D1270CA3-6EA6-4A77-BD6E-6C3320576098}.Release|x86.ActiveCfg = Release|Win32
		{D1270CA3-6EA6-4A77-BD6E-6C3320576098}.Release|x86.Build.0 = Release|Win32
		{D1270CA3-6EA6-4A77-BD6E-6C3320576098}.Release|x86.Deploy.0 = Release|Win32
	EndGlobalSection
	GlobalSection(SolutionProperties) = preSolution
		HideSolutionNode = FALSE
	EndGlobalSection
	GlobalSection(ExtensibilityGlobals) = postSolution
		SolutionGuid = {A437622A-F156-42F0-BEDC-C006EB769DEA}
	EndGlobalSection
EndGlobal
